
Microsoft Visual Studio Solution File, Format Version 12.00
# Visual Studio Version 16
VisualStudioVersion = 16.0.30907.101
MinimumVisualStudioVersion = 10.0.40219.1
Project("{FAE04EC0-301F-11D3-BF4B-00C04F79EFBC}") = "WCF_REST_Flugzeuge", "WCF_REST_Flugzeuge\WCF_REST_Flugzeuge.csproj", "{C819E911-97D3-4B56-A4EA-CB6CF8F6F151}"
EndProject
Global
	GlobalSection(SolutionConfigurationPlatforms) = preSolution
		Debug|Any CPU = Debug|Any CPU
		Release|Any CPU = Release|Any CPU
	EndGlobalSection
	GlobalSection(ProjectConfigurationPlatforms) = postSolution
		{C819E911-97D3-4B56-A4EA-CB6CF8F6F151}.Debug|Any CPU.ActiveCfg = Debug|Any CPU
		{C819E911-97D3-4B56-A4EA-CB6CF8F6F151}.Debug|Any CPU.Build.0 = Debug|Any CPU
		{C819E911-97D3-4B56-A4EA-CB6CF8F6F151}.Release|Any CPU.ActiveCfg = Release|Any CPU
		{C819E911-97D3-4B56-A4EA-CB6CF8F6F151}.Release|Any CPU.Build.0 = Release|Any CPU
	EndGlobalSection
	GlobalSection(SolutionProperties) = preSolution
		HideSolutionNode = FALSE
	EndGlobalSection
	GlobalSection(ExtensibilityGlobals) = postSolution
		SolutionGuid = {E3C40A56-B882-41F3-A045-A1BF29C0CBC6}
	EndGlobalSection
EndGlobal
