
Microsoft Visual Studio Solution File, Format Version 12.00
# Visual Studio Version 16
VisualStudioVersion = 16.0.30907.101
MinimumVisualStudioVersion = 10.0.40219.1
Project("{FAE04EC0-301F-11D3-BF4B-00C04F79EFBC}") = "BankClient", "BankClient\BankClient.csproj", "{A8CE6A0A-3EFD-4B15-96D3-4A1746EE9496}"
EndProject
Global
	GlobalSection(SolutionConfigurationPlatforms) = preSolution
		Debug|Any CPU = Debug|Any CPU
		Release|Any CPU = Release|Any CPU
	EndGlobalSection
	GlobalSection(ProjectConfigurationPlatforms) = postSolution
		{A8CE6A0A-3EFD-4B15-96D3-4A1746EE9496}.Debug|Any CPU.ActiveCfg = Debug|Any CPU
		{A8CE6A0A-3EFD-4B15-96D3-4A1746EE9496}.Debug|Any CPU.Build.0 = Debug|Any CPU
		{A8CE6A0A-3EFD-4B15-96D3-4A1746EE9496}.Release|Any CPU.ActiveCfg = Release|Any CPU
		{A8CE6A0A-3EFD-4B15-96D3-4A1746EE9496}.Release|Any CPU.Build.0 = Release|Any CPU
	EndGlobalSection
	GlobalSection(SolutionProperties) = preSolution
		HideSolutionNode = FALSE
	EndGlobalSection
	GlobalSection(ExtensibilityGlobals) = postSolution
		SolutionGuid = {9423CF03-554C-4ACA-8C72-6E5E2EF83E61}
	EndGlobalSection
EndGlobal
